
Microsoft Visual Studio Solution File, Format Version 12.00
# Visual Studio Version 17
VisualStudioVersion = 17.2.32616.157
MinimumVisualStudioVersion = 10.0.40219.1
Project("{FAE04EC0-301F-11D3-BF4B-00C04F79EFBC}") = "BlazorWebAssemblyIdiomas.Server", "BlazorWebAssemblyIdiomas\Server\BlazorWebAssemblyIdiomas.Server.csproj", "{D5F2C1E5-51A4-4962-9316-1C4B1E4BBA0B}"
EndProject
Project("{FAE04EC0-301F-11D3-BF4B-00C04F79EFBC}") = "BlazorWebAssemblyIdiomas.Client", "BlazorWebAssemblyIdiomas\Client\BlazorWebAssemblyIdiomas.Client.csproj", "{C5B0C68A-50E9-48D3-91FE-D30B3BE5F4DF}"
EndProject
Project("{FAE04EC0-301F-11D3-BF4B-00C04F79EFBC}") = "BlazorWebAssemblyIdiomas.Shared", "BlazorWebAssemblyIdiomas\Shared\BlazorWebAssemblyIdiomas.Shared.csproj", "{C8C3460F-1215-4ACE-82ED-1A934003A283}"
EndProject
Global
	GlobalSection(SolutionConfigurationPlatforms) = preSolution
		Debug|Any CPU = Debug|Any CPU
		Release|Any CPU = Release|Any CPU
	EndGlobalSection
	GlobalSection(ProjectConfigurationPlatforms) = postSolution
		{D5F2C1E5-51A4-4962-9316-1C4B1E4BBA0B}.Debug|Any CPU.ActiveCfg = Debug|Any CPU
		{D5F2C1E5-51A4-4962-9316-1C4B1E4BBA0B}.Debug|Any CPU.Build.0 = Debug|Any CPU
		{D5F2C1E5-51A4-4962-9316-1C4B1E4BBA0B}.Release|Any CPU.ActiveCfg = Release|Any CPU
		{D5F2C1E5-51A4-4962-9316-1C4B1E4BBA0B}.Release|Any CPU.Build.0 = Release|Any CPU
		{C5B0C68A-50E9-48D3-91FE-D30B3BE5F4DF}.Debug|Any CPU.ActiveCfg = Debug|Any CPU
		{C5B0C68A-50E9-48D3-91FE-D30B3BE5F4DF}.Debug|Any CPU.Build.0 = Debug|Any CPU
		{C5B0C68A-50E9-48D3-91FE-D30B3BE5F4DF}.Release|Any CPU.ActiveCfg = Release|Any CPU
		{C5B0C68A-50E9-48D3-91FE-D30B3BE5F4DF}.Release|Any CPU.Build.0 = Release|Any CPU
		{C8C3460F-1215-4ACE-82ED-1A934003A283}.Debug|Any CPU.ActiveCfg = Debug|Any CPU
		{C8C3460F-1215-4ACE-82ED-1A934003A283}.Debug|Any CPU.Build.0 = Debug|Any CPU
		{C8C3460F-1215-4ACE-82ED-1A934003A283}.Release|Any CPU.ActiveCfg = Release|Any CPU
		{C8C3460F-1215-4ACE-82ED-1A934003A283}.Release|Any CPU.Build.0 = Release|Any CPU
	EndGlobalSection
	GlobalSection(SolutionProperties) = preSolution
		HideSolutionNode = FALSE
	EndGlobalSection
	GlobalSection(ExtensibilityGlobals) = postSolution
		SolutionGuid = {1B2DF39A-315C-407F-AA9F-A7872E2A2911}
	EndGlobalSection
EndGlobal
